
Microsoft Visual Studio Solution File, Format Version 12.00
# Visual Studio 15
VisualStudioVersion = 15.0.26228.4
MinimumVisualStudioVersion = 10.0.40219.1
Project("{FAE04EC0-301F-11D3-BF4B-00C04F79EFBC}") = "NLC.Order.WebApi", "NLC.Order.WebApi\NLC.Order.WebApi.csproj", "{67605351-A90A-4D2F-BC9F-2A06621EF5AB}"
EndProject
Project("{FAE04EC0-301F-11D3-BF4B-00C04F79EFBC}") = "NLC.Order.WebApi.Tests", "NLC.Order.WebApi.Tests\NLC.Order.WebApi.Tests.csproj", "{A46C5803-A02C-4CF1-8883-07C4701083DA}"
EndProject
Project("{FAE04EC0-301F-11D3-BF4B-00C04F79EFBC}") = "NLC.Order.BLL", "NLC.Order.BLL\NLC.Order.BLL.csproj", "{A1B6A477-55E0-4590-A234-0ABDC6C7CB4A}"
EndProject
Project("{FAE04EC0-301F-11D3-BF4B-00C04F79EFBC}") = "NLC.Order.Common", "NL.Order.Common\NLC.Order.Common.csproj", "{AE82D427-04BB-462A-BE9B-3D007C251624}"
EndProject
Project("{FAE04EC0-301F-11D3-BF4B-00C04F79EFBC}") = "NLC.Order.DALFactory", "NL.Order.DALFactory\NLC.Order.DALFactory.csproj", "{098FD830-BC48-4347-B26B-07E797816179}"
EndProject
Project("{FAE04EC0-301F-11D3-BF4B-00C04F79EFBC}") = "NLC.Order.DBUtility", "NLC.Order.DBUtility\NLC.Order.DBUtility.csproj", "{0361718B-2708-4755-A74D-A7EC30B7459D}"
EndProject
Project("{FAE04EC0-301F-11D3-BF4B-00C04F79EFBC}") = "NLC.Order.IBLL", "NLC.Order.IBLL\NLC.Order.IBLL.csproj", "{C6D14DD4-338D-472F-8A3F-B643FC32D2E4}"
EndProject
Project("{FAE04EC0-301F-11D3-BF4B-00C04F79EFBC}") = "NLC.Order.IDAL", "NLC.Order.IDAL\NLC.Order.IDAL.csproj", "{2D02AD0F-0EB8-4604-8C83-27B1ABD24F41}"
EndProject
Project("{FAE04EC0-301F-11D3-BF4B-00C04F79EFBC}") = "NLC.Order.Model", "NLC.Order.Model\NLC.Order.Model.csproj", "{A4E85FCF-6E74-421A-A290-94EEBEAEB154}"
EndProject
Project("{FAE04EC0-301F-11D3-BF4B-00C04F79EFBC}") = "NLC.Order.OracleDAL", "NLC.Order.OracleDAL\NLC.Order.OracleDAL.csproj", "{22DB53FD-A7D6-4E82-B20E-1BA7278B3252}"
EndProject
Project("{FAE04EC0-301F-11D3-BF4B-00C04F79EFBC}") = "NLC.Order.SqlServerDAL", "NLC.Order.SqlServerDAL\NLC.Order.SqlServerDAL.csproj", "{4C1BFD70-7C75-46E7-8E44-F5F9E88C3578}"
EndProject
Global
	GlobalSection(SolutionConfigurationPlatforms) = preSolution
		Debug|Any CPU = Debug|Any CPU
		Release|Any CPU = Release|Any CPU
	EndGlobalSection
	GlobalSection(ProjectConfigurationPlatforms) = postSolution
		{67605351-A90A-4D2F-BC9F-2A06621EF5AB}.Debug|Any CPU.ActiveCfg = Debug|Any CPU
		{67605351-A90A-4D2F-BC9F-2A06621EF5AB}.Debug|Any CPU.Build.0 = Debug|Any CPU
		{67605351-A90A-4D2F-BC9F-2A06621EF5AB}.Release|Any CPU.ActiveCfg = Release|Any CPU
		{67605351-A90A-4D2F-BC9F-2A06621EF5AB}.Release|Any CPU.Build.0 = Release|Any CPU
		{A46C5803-A02C-4CF1-8883-07C4701083DA}.Debug|Any CPU.ActiveCfg = Debug|Any CPU
		{A46C5803-A02C-4CF1-8883-07C4701083DA}.Debug|Any CPU.Build.0 = Debug|Any CPU
		{A46C5803-A02C-4CF1-8883-07C4701083DA}.Release|Any CPU.ActiveCfg = Release|Any CPU
		{A46C5803-A02C-4CF1-8883-07C4701083DA}.Release|Any CPU.Build.0 = Release|Any CPU
		{A1B6A477-55E0-4590-A234-0ABDC6C7CB4A}.Debug|Any CPU.ActiveCfg = Debug|Any CPU
		{A1B6A477-55E0-4590-A234-0ABDC6C7CB4A}.Debug|Any CPU.Build.0 = Debug|Any CPU
		{A1B6A477-55E0-4590-A234-0ABDC6C7CB4A}.Release|Any CPU.ActiveCfg = Release|Any CPU
		{A1B6A477-55E0-4590-A234-0ABDC6C7CB4A}.Release|Any CPU.Build.0 = Release|Any CPU
		{AE82D427-04BB-462A-BE9B-3D007C251624}.Debug|Any CPU.ActiveCfg = Debug|Any CPU
		{AE82D427-04BB-462A-BE9B-3D007C251624}.Debug|Any CPU.Build.0 = Debug|Any CPU
		{AE82D427-04BB-462A-BE9B-3D007C251624}.Release|Any CPU.ActiveCfg = Release|Any CPU
		{AE82D427-04BB-462A-BE9B-3D007C251624}.Release|Any CPU.Build.0 = Release|Any CPU
		{098FD830-BC48-4347-B26B-07E797816179}.Debug|Any CPU.ActiveCfg = Debug|Any CPU
		{098FD830-BC48-4347-B26B-07E797816179}.Debug|Any CPU.Build.0 = Debug|Any CPU
		{098FD830-BC48-4347-B26B-07E797816179}.Release|Any CPU.ActiveCfg = Release|Any CPU
		{098FD830-BC48-4347-B26B-07E797816179}.Release|Any CPU.Build.0 = Release|Any CPU
		{0361718B-2708-4755-A74D-A7EC30B7459D}.Debug|Any CPU.ActiveCfg = Debug|Any CPU
		{0361718B-2708-4755-A74D-A7EC30B7459D}.Debug|Any CPU.Build.0 = Debug|Any CPU
		{0361718B-2708-4755-A74D-A7EC30B7459D}.Release|Any CPU.ActiveCfg = Release|Any CPU
		{0361718B-2708-4755-A74D-A7EC30B7459D}.Release|Any CPU.Build.0 = Release|Any CPU
		{C6D14DD4-338D-472F-8A3F-B643FC32D2E4}.Debug|Any CPU.ActiveCfg = Debug|Any CPU
		{C6D14DD4-338D-472F-8A3F-B643FC32D2E4}.Debug|Any CPU.Build.0 = Debug|Any CPU
		{C6D14DD4-338D-472F-8A3F-B643FC32D2E4}.Release|Any CPU.ActiveCfg = Release|Any CPU
		{C6D14DD4-338D-472F-8A3F-B643FC32D2E4}.Release|Any CPU.Build.0 = Release|Any CPU
		{2D02AD0F-0EB8-4604-8C83-27B1ABD24F41}.Debug|Any CPU.ActiveCfg = Debug|Any CPU
		{2D02AD0F-0EB8-4604-8C83-27B1ABD24F41}.Debug|Any CPU.Build.0 = Debug|Any CPU
		{2D02AD0F-0EB8-4604-8C83-27B1ABD24F41}.Release|Any CPU.ActiveCfg = Release|Any CPU
		{2D02AD0F-0EB8-4604-8C83-27B1ABD24F41}.Release|Any CPU.Build.0 = Release|Any CPU
		{A4E85FCF-6E74-421A-A290-94EEBEAEB154}.Debug|Any CPU.ActiveCfg = Debug|Any CPU
		{A4E85FCF-6E74-421A-A290-94EEBEAEB154}.Debug|Any CPU.Build.0 = Debug|Any CPU
		{A4E85FCF-6E74-421A-A290-94EEBEAEB154}.Release|Any CPU.ActiveCfg = Release|Any CPU
		{A4E85FCF-6E74-421A-A290-94EEBEAEB154}.Release|Any CPU.Build.0 = Release|Any CPU
		{22DB53FD-A7D6-4E82-B20E-1BA7278B3252}.Debug|Any CPU.ActiveCfg = Debug|Any CPU
		{22DB53FD-A7D6-4E82-B20E-1BA7278B3252}.Debug|Any CPU.Build.0 = Debug|Any CPU
		{22DB53FD-A7D6-4E82-B20E-1BA7278B3252}.Release|Any CPU.ActiveCfg = Release|Any CPU
		{22DB53FD-A7D6-4E82-B20E-1BA7278B3252}.Release|Any CPU.Build.0 = Release|Any CPU
		{4C1BFD70-7C75-46E7-8E44-F5F9E88C3578}.Debug|Any CPU.ActiveCfg = Debug|Any CPU
		{4C1BFD70-7C75-46E7-8E44-F5F9E88C3578}.Debug|Any CPU.Build.0 = Debug|Any CPU
		{4C1BFD70-7C75-46E7-8E44-F5F9E88C3578}.Release|Any CPU.ActiveCfg = Release|Any CPU
		{4C1BFD70-7C75-46E7-8E44-F5F9E88C3578}.Release|Any CPU.Build.0 = Release|Any CPU
	EndGlobalSection
	GlobalSection(SolutionProperties) = preSolution
		HideSolutionNode = FALSE
	EndGlobalSection
EndGlobal
