
Microsoft Visual Studio Solution File, Format Version 12.00
# Visual Studio 15
VisualStudioVersion = 15.0.26228.4
MinimumVisualStudioVersion = 10.0.40219.1
Project("{FAE04EC0-301F-11D3-BF4B-00C04F79EFBC}") = "NL.Order.WebApi", "NL.Order.WebApi\NL.Order.WebApi.csproj", "{C9D63042-732D-4ED8-91D3-F0802D49910C}"
	ProjectSection(ProjectDependencies) = postProject
		{CB89F703-C35F-4804-8E00-5B3FFB26D788} = {CB89F703-C35F-4804-8E00-5B3FFB26D788}
		{46732434-92B5-4171-B7D9-EF6B01CF7832} = {46732434-92B5-4171-B7D9-EF6B01CF7832}
		{17FB0662-CBA5-43F9-AAB7-6BA4228F66D3} = {17FB0662-CBA5-43F9-AAB7-6BA4228F66D3}
		{0B482B88-4464-4625-A4E4-48679A4BAF8B} = {0B482B88-4464-4625-A4E4-48679A4BAF8B}
	EndProjectSection
EndProject
Project("{FAE04EC0-301F-11D3-BF4B-00C04F79EFBC}") = "NL.Order.WebApi.Tests", "NL.Order.WebApi.Tests\NL.Order.WebApi.Tests.csproj", "{B2D527F0-525E-4F5B-BA18-F8B5C810A963}"
EndProject
Project("{FAE04EC0-301F-11D3-BF4B-00C04F79EFBC}") = "NL.Order.IBLL", "NL.Order.IBLL\NL.Order.IBLL.csproj", "{17FB0662-CBA5-43F9-AAB7-6BA4228F66D3}"
EndProject
Project("{FAE04EC0-301F-11D3-BF4B-00C04F79EFBC}") = "NL.Order.BLL", "NL.Order.BLL\NL.Order.BLL.csproj", "{CB89F703-C35F-4804-8E00-5B3FFB26D788}"
	ProjectSection(ProjectDependencies) = postProject
		{6DD5633E-5004-49FE-8565-538BF0D95C96} = {6DD5633E-5004-49FE-8565-538BF0D95C96}
		{95BC6E52-B39E-41A1-A5C1-CF66499C0FAE} = {95BC6E52-B39E-41A1-A5C1-CF66499C0FAE}
		{0B482B88-4464-4625-A4E4-48679A4BAF8B} = {0B482B88-4464-4625-A4E4-48679A4BAF8B}
		{B1C48AA8-BD2D-4EA1-95D7-78B3487A3AB1} = {B1C48AA8-BD2D-4EA1-95D7-78B3487A3AB1}
		{C9775CDF-BF38-4678-BC9F-47D6CBD77A36} = {C9775CDF-BF38-4678-BC9F-47D6CBD77A36}
	EndProjectSection
EndProject
Project("{FAE04EC0-301F-11D3-BF4B-00C04F79EFBC}") = "NL.Order.IDAL", "NL.Order.IDAL\NL.Order.IDAL.csproj", "{C9775CDF-BF38-4678-BC9F-47D6CBD77A36}"
EndProject
Project("{FAE04EC0-301F-11D3-BF4B-00C04F79EFBC}") = "NL.Order.Model", "NL.Order.Model\NL.Order.Model.csproj", "{46732434-92B5-4171-B7D9-EF6B01CF7832}"
EndProject
Project("{FAE04EC0-301F-11D3-BF4B-00C04F79EFBC}") = "NL.Order.DBUtility", "NL.Order.DBUtility\NL.Order.DBUtility.csproj", "{A123FF36-5191-4EE6-83E1-EC9E898A54FE}"
EndProject
Project("{FAE04EC0-301F-11D3-BF4B-00C04F79EFBC}") = "NL.Order.Common", "NL.Order.Common\NL.Order.Common.csproj", "{0B482B88-4464-4625-A4E4-48679A4BAF8B}"
EndProject
Project("{FAE04EC0-301F-11D3-BF4B-00C04F79EFBC}") = "NL.Order.DALFactory", "NL.Order.DALFactory\NL.Order.DALFactory.csproj", "{B1C48AA8-BD2D-4EA1-95D7-78B3487A3AB1}"
	ProjectSection(ProjectDependencies) = postProject
		{6DD5633E-5004-49FE-8565-538BF0D95C96} = {6DD5633E-5004-49FE-8565-538BF0D95C96}
		{95BC6E52-B39E-41A1-A5C1-CF66499C0FAE} = {95BC6E52-B39E-41A1-A5C1-CF66499C0FAE}
	EndProjectSection
EndProject
Project("{FAE04EC0-301F-11D3-BF4B-00C04F79EFBC}") = "NL.Order.OracleDAL", "NL.Order.OracleDAL\NL.Order.OracleDAL.csproj", "{6DD5633E-5004-49FE-8565-538BF0D95C96}"
EndProject
Project("{FAE04EC0-301F-11D3-BF4B-00C04F79EFBC}") = "NL.Order.SqlServerDAL", "NL.Order.SqlServerDAL\NL.Order.SqlServerDAL.csproj", "{95BC6E52-B39E-41A1-A5C1-CF66499C0FAE}"
EndProject
Global
	GlobalSection(SolutionConfigurationPlatforms) = preSolution
		Debug|Any CPU = Debug|Any CPU
		Release|Any CPU = Release|Any CPU
	EndGlobalSection
	GlobalSection(ProjectConfigurationPlatforms) = postSolution
		{C9D63042-732D-4ED8-91D3-F0802D49910C}.Debug|Any CPU.ActiveCfg = Debug|Any CPU
		{C9D63042-732D-4ED8-91D3-F0802D49910C}.Debug|Any CPU.Build.0 = Debug|Any CPU
		{C9D63042-732D-4ED8-91D3-F0802D49910C}.Release|Any CPU.ActiveCfg = Release|Any CPU
		{C9D63042-732D-4ED8-91D3-F0802D49910C}.Release|Any CPU.Build.0 = Release|Any CPU
		{B2D527F0-525E-4F5B-BA18-F8B5C810A963}.Debug|Any CPU.ActiveCfg = Debug|Any CPU
		{B2D527F0-525E-4F5B-BA18-F8B5C810A963}.Debug|Any CPU.Build.0 = Debug|Any CPU
		{B2D527F0-525E-4F5B-BA18-F8B5C810A963}.Release|Any CPU.ActiveCfg = Release|Any CPU
		{B2D527F0-525E-4F5B-BA18-F8B5C810A963}.Release|Any CPU.Build.0 = Release|Any CPU
		{17FB0662-CBA5-43F9-AAB7-6BA4228F66D3}.Debug|Any CPU.ActiveCfg = Debug|Any CPU
		{17FB0662-CBA5-43F9-AAB7-6BA4228F66D3}.Debug|Any CPU.Build.0 = Debug|Any CPU
		{17FB0662-CBA5-43F9-AAB7-6BA4228F66D3}.Release|Any CPU.ActiveCfg = Release|Any CPU
		{17FB0662-CBA5-43F9-AAB7-6BA4228F66D3}.Release|Any CPU.Build.0 = Release|Any CPU
		{CB89F703-C35F-4804-8E00-5B3FFB26D788}.Debug|Any CPU.ActiveCfg = Debug|Any CPU
		{CB89F703-C35F-4804-8E00-5B3FFB26D788}.Debug|Any CPU.Build.0 = Debug|Any CPU
		{CB89F703-C35F-4804-8E00-5B3FFB26D788}.Release|Any CPU.ActiveCfg = Release|Any CPU
		{CB89F703-C35F-4804-8E00-5B3FFB26D788}.Release|Any CPU.Build.0 = Release|Any CPU
		{C9775CDF-BF38-4678-BC9F-47D6CBD77A36}.Debug|Any CPU.ActiveCfg = Debug|Any CPU
		{C9775CDF-BF38-4678-BC9F-47D6CBD77A36}.Debug|Any CPU.Build.0 = Debug|Any CPU
		{C9775CDF-BF38-4678-BC9F-47D6CBD77A36}.Release|Any CPU.ActiveCfg = Release|Any CPU
		{C9775CDF-BF38-4678-BC9F-47D6CBD77A36}.Release|Any CPU.Build.0 = Release|Any CPU
		{46732434-92B5-4171-B7D9-EF6B01CF7832}.Debug|Any CPU.ActiveCfg = Debug|Any CPU
		{46732434-92B5-4171-B7D9-EF6B01CF7832}.Debug|Any CPU.Build.0 = Debug|Any CPU
		{46732434-92B5-4171-B7D9-EF6B01CF7832}.Release|Any CPU.ActiveCfg = Release|Any CPU
		{46732434-92B5-4171-B7D9-EF6B01CF7832}.Release|Any CPU.Build.0 = Release|Any CPU
		{A123FF36-5191-4EE6-83E1-EC9E898A54FE}.Debug|Any CPU.ActiveCfg = Debug|Any CPU
		{A123FF36-5191-4EE6-83E1-EC9E898A54FE}.Debug|Any CPU.Build.0 = Debug|Any CPU
		{A123FF36-5191-4EE6-83E1-EC9E898A54FE}.Release|Any CPU.ActiveCfg = Release|Any CPU
		{A123FF36-5191-4EE6-83E1-EC9E898A54FE}.Release|Any CPU.Build.0 = Release|Any CPU
		{0B482B88-4464-4625-A4E4-48679A4BAF8B}.Debug|Any CPU.ActiveCfg = Debug|Any CPU
		{0B482B88-4464-4625-A4E4-48679A4BAF8B}.Debug|Any CPU.Build.0 = Debug|Any CPU
		{0B482B88-4464-4625-A4E4-48679A4BAF8B}.Release|Any CPU.ActiveCfg = Release|Any CPU
		{0B482B88-4464-4625-A4E4-48679A4BAF8B}.Release|Any CPU.Build.0 = Release|Any CPU
		{B1C48AA8-BD2D-4EA1-95D7-78B3487A3AB1}.Debug|Any CPU.ActiveCfg = Debug|Any CPU
		{B1C48AA8-BD2D-4EA1-95D7-78B3487A3AB1}.Debug|Any CPU.Build.0 = Debug|Any CPU
		{B1C48AA8-BD2D-4EA1-95D7-78B3487A3AB1}.Release|Any CPU.ActiveCfg = Release|Any CPU
		{B1C48AA8-BD2D-4EA1-95D7-78B3487A3AB1}.Release|Any CPU.Build.0 = Release|Any CPU
		{6DD5633E-5004-49FE-8565-538BF0D95C96}.Debug|Any CPU.ActiveCfg = Debug|Any CPU
		{6DD5633E-5004-49FE-8565-538BF0D95C96}.Debug|Any CPU.Build.0 = Debug|Any CPU
		{6DD5633E-5004-49FE-8565-538BF0D95C96}.Release|Any CPU.ActiveCfg = Release|Any CPU
		{6DD5633E-5004-49FE-8565-538BF0D95C96}.Release|Any CPU.Build.0 = Release|Any CPU
		{95BC6E52-B39E-41A1-A5C1-CF66499C0FAE}.Debug|Any CPU.ActiveCfg = Debug|Any CPU
		{95BC6E52-B39E-41A1-A5C1-CF66499C0FAE}.Debug|Any CPU.Build.0 = Debug|Any CPU
		{95BC6E52-B39E-41A1-A5C1-CF66499C0FAE}.Release|Any CPU.ActiveCfg = Release|Any CPU
		{95BC6E52-B39E-41A1-A5C1-CF66499C0FAE}.Release|Any CPU.Build.0 = Release|Any CPU
	EndGlobalSection
	GlobalSection(SolutionProperties) = preSolution
		HideSolutionNode = FALSE
	EndGlobalSection
EndGlobal
